{
  "name": "gcds-components-angular",
  "version": "0.1.14",
  "lockfileVersion": 2,
  "requires": true,
  "packages": {
    "": {
      "name": "gcds-components-angular",
      "version": "0.1.14",
      "license": "MIT",
      "dependencies": {
        "tslib": "^2.3.0"
      },
      "peerDependencies": {
        "@angular/common": "^14.2.0",
        "@angular/core": "^14.2.0"
      }
    },
    "node_modules/@angular/common": {
      "version": "14.2.6",
      "resolved": "https://registry.npmjs.org/@angular/common/-/common-14.2.6.tgz",
      "integrity": "sha512-WNX7xe8LKP5DHPlae+c77PDwj0iIAAPIe1lWbhQysyi8uttbtL9VVP2XTFuQ3E6oVHJr+0IR0LMVGJ+a8i6zsw==",
      "peer": true,
      "dependencies": {
        "tslib": "^2.3.0"
      },
      "engines": {
        "node": "^14.15.0 || >=16.10.0"
      },
      "peerDependencies": {
        "@angular/core": "14.2.6",
        "rxjs": "^6.5.3 || ^7.4.0"
      }
    },
    "node_modules/@angular/core": {
      "version": "14.2.6",
      "resolved": "https://registry.npmjs.org/@angular/core/-/core-14.2.6.tgz",
      "integrity": "sha512-fEIz7E488X03tLIqmWQRpahxRRU2SMjb9i/rMUjMQJkbppJC3cykl31bCYzeixNO+zpE55GPGuQX2qI/yDenZA==",
      "peer": true,
      "dependencies": {
        "tslib": "^2.3.0"
      },
      "engines": {
        "node": "^14.15.0 || >=16.10.0"
      },
      "peerDependencies": {
        "rxjs": "^6.5.3 || ^7.4.0",
        "zone.js": "~0.11.4"
      }
    },
    "node_modules/@stencil/core": {
      "version": "2.18.1",
      "resolved": "https://registry.npmjs.org/@stencil/core/-/core-2.18.1.tgz",
      "integrity": "sha512-/fXkh1lwZ+X9JQCw50mPjhBogzEHOBvVC5pLoDLZqodVYK0DGWILM2YLV4dcIUBNEK8/HMDpO/Rq81/rS3mNOw==",
      "bin": {
        "stencil": "bin/stencil"
      },
      "engines": {
        "node": ">=12.10.0",
        "npm": ">=6.0.0"
      }
    },
    "node_modules/@stencil/react-output-target": {
      "version": "0.3.1",
      "resolved": "https://registry.npmjs.org/@stencil/react-output-target/-/react-output-target-0.3.1.tgz",
      "integrity": "sha512-6d9pPhyajFfdxkqU/pPP2SzI7wn+EklySQc4KXlI/xcdvC2H9BzLmhmR40fR1q2TQoJbJui/nvSWhbYqkE3OBQ==",
      "peerDependencies": {
        "@stencil/core": "^2.9.0"
      }
    },
    "node_modules/gcds-components": {
      "version": "0.1.13",
      "resolved": "https://registry.npmjs.org/gcds-components/-/gcds-components-0.1.13.tgz",
      "integrity": "sha512-Fs+4RrP4WuodMPQxivnFQkR1lUyiBeFjo4nEN5VB33nZ5LwcGfEzyg8hKlxpRoluVU0InRr+9KsOmzqxWwX9OA==",
      "dependencies": {
        "@stencil/core": "^2.7.0",
        "@stencil/react-output-target": "^0.3.1",
        "stencil": "^0.0.5"
      }
    },
    "node_modules/rxjs": {
      "version": "7.5.7",
      "resolved": "https://registry.npmjs.org/rxjs/-/rxjs-7.5.7.tgz",
      "integrity": "sha512-z9MzKh/UcOqB3i20H6rtrlaE/CgjLOvheWK/9ILrbhROGTweAi1BaFsTT9FbwZi5Trr1qNRs+MXkhmR06awzQA==",
      "peer": true,
      "dependencies": {
        "tslib": "^2.1.0"
      }
    },
    "node_modules/stencil": {
      "version": "0.0.5",
      "resolved": "https://registry.npmjs.org/stencil/-/stencil-0.0.5.tgz",
      "integrity": "sha512-UwOSrS3i9Z2DQAbI+hxxzBMJKwJxRLVrTVGqAahs/GAAeB/82QjxmcD91CJ/UpMLk2aCxxqbCC4Rl8f1UJ27+Q==",
      "dependencies": {
        "xmldom": "0.1.15"
      }
    },
    "node_modules/tslib": {
      "version": "2.4.0",
      "resolved": "https://registry.npmjs.org/tslib/-/tslib-2.4.0.tgz",
      "integrity": "sha512-d6xOpEDfsi2CZVlPQzGeux8XMwLT9hssAsaPYExaQMuYskwb+x1x7J371tWlbBdWHroy99KnVB6qIkUbs5X3UQ=="
    },
    "node_modules/xmldom": {
      "version": "0.1.15",
      "resolved": "https://registry.npmjs.org/xmldom/-/xmldom-0.1.15.tgz",
      "integrity": "sha512-ssWmE9kBZudhl4iPLmXqaShPuASNKIQIikBzsloOjZqMyfbuQRn/ggz0k9NDa9YFI3+oFvp8t7TsqwmZLTvpoA==",
      "deprecated": "Deprecated due to CVE-2021-21366 resolved in 0.5.0",
      "engines": {
        "node": ">=0.1"
      }
    },
    "node_modules/zone.js": {
      "version": "0.11.8",
      "resolved": "https://registry.npmjs.org/zone.js/-/zone.js-0.11.8.tgz",
      "integrity": "sha512-82bctBg2hKcEJ21humWIkXRlLBBmrc3nN7DFh5LGGhcyycO2S7FN8NmdvlcKaGFDNVL4/9kFLmwmInTavdJERA==",
      "peer": true,
      "dependencies": {
        "tslib": "^2.3.0"
      }
    }
  },
  "dependencies": {
    "@angular/common": {
      "version": "14.2.6",
      "resolved": "https://registry.npmjs.org/@angular/common/-/common-14.2.6.tgz",
      "integrity": "sha512-WNX7xe8LKP5DHPlae+c77PDwj0iIAAPIe1lWbhQysyi8uttbtL9VVP2XTFuQ3E6oVHJr+0IR0LMVGJ+a8i6zsw==",
      "peer": true,
      "requires": {
        "tslib": "^2.3.0"
      }
    },
    "@angular/core": {
      "version": "14.2.6",
      "resolved": "https://registry.npmjs.org/@angular/core/-/core-14.2.6.tgz",
      "integrity": "sha512-fEIz7E488X03tLIqmWQRpahxRRU2SMjb9i/rMUjMQJkbppJC3cykl31bCYzeixNO+zpE55GPGuQX2qI/yDenZA==",
      "peer": true,
      "requires": {
        "tslib": "^2.3.0"
      }
    },
    "@stencil/core": {
      "version": "2.18.1",
      "resolved": "https://registry.npmjs.org/@stencil/core/-/core-2.18.1.tgz",
      "integrity": "sha512-/fXkh1lwZ+X9JQCw50mPjhBogzEHOBvVC5pLoDLZqodVYK0DGWILM2YLV4dcIUBNEK8/HMDpO/Rq81/rS3mNOw=="
    },
    "@stencil/react-output-target": {
      "version": "0.3.1",
      "resolved": "https://registry.npmjs.org/@stencil/react-output-target/-/react-output-target-0.3.1.tgz",
      "integrity": "sha512-6d9pPhyajFfdxkqU/pPP2SzI7wn+EklySQc4KXlI/xcdvC2H9BzLmhmR40fR1q2TQoJbJui/nvSWhbYqkE3OBQ==",
      "requires": {}
    },
    "gcds-components": {
      "version": "0.1.13",
      "resolved": "https://registry.npmjs.org/gcds-components/-/gcds-components-0.1.13.tgz",
      "integrity": "sha512-Fs+4RrP4WuodMPQxivnFQkR1lUyiBeFjo4nEN5VB33nZ5LwcGfEzyg8hKlxpRoluVU0InRr+9KsOmzqxWwX9OA==",
      "requires": {
        "@stencil/core": "^2.7.0",
        "@stencil/react-output-target": "^0.3.1",
        "stencil": "^0.0.5"
      }
    },
    "rxjs": {
      "version": "7.5.7",
      "resolved": "https://registry.npmjs.org/rxjs/-/rxjs-7.5.7.tgz",
      "integrity": "sha512-z9MzKh/UcOqB3i20H6rtrlaE/CgjLOvheWK/9ILrbhROGTweAi1BaFsTT9FbwZi5Trr1qNRs+MXkhmR06awzQA==",
      "peer": true,
      "requires": {
        "tslib": "^2.1.0"
      }
    },
    "stencil": {
      "version": "0.0.5",
      "resolved": "https://registry.npmjs.org/stencil/-/stencil-0.0.5.tgz",
      "integrity": "sha512-UwOSrS3i9Z2DQAbI+hxxzBMJKwJxRLVrTVGqAahs/GAAeB/82QjxmcD91CJ/UpMLk2aCxxqbCC4Rl8f1UJ27+Q==",
      "requires": {
        "xmldom": "0.1.15"
      }
    },
    "tslib": {
      "version": "2.4.0",
      "resolved": "https://registry.npmjs.org/tslib/-/tslib-2.4.0.tgz",
      "integrity": "sha512-d6xOpEDfsi2CZVlPQzGeux8XMwLT9hssAsaPYExaQMuYskwb+x1x7J371tWlbBdWHroy99KnVB6qIkUbs5X3UQ=="
    },
    "xmldom": {
      "version": "0.1.15",
      "resolved": "https://registry.npmjs.org/xmldom/-/xmldom-0.1.15.tgz",
      "integrity": "sha512-ssWmE9kBZudhl4iPLmXqaShPuASNKIQIikBzsloOjZqMyfbuQRn/ggz0k9NDa9YFI3+oFvp8t7TsqwmZLTvpoA=="
    },
    "zone.js": {
      "version": "0.11.8",
      "resolved": "https://registry.npmjs.org/zone.js/-/zone.js-0.11.8.tgz",
      "integrity": "sha512-82bctBg2hKcEJ21humWIkXRlLBBmrc3nN7DFh5LGGhcyycO2S7FN8NmdvlcKaGFDNVL4/9kFLmwmInTavdJERA==",
      "peer": true,
      "requires": {
        "tslib": "^2.3.0"
      }
    }
  }
}
