{
  "name": "gc-design-system-components-vue-test-app",
  "version": "0.0.0",
  "lockfileVersion": 2,
  "requires": true,
  "packages": {
    "": {
      "name": "gc-design-system-components-vue-test-app",
      "version": "0.0.0",
      "dependencies": {
        "@gcds-core/components-vue": "file:../../../vue",
        "@gcds-core/css-shortcuts": "^1.1.0",
        "vue": "^3.4.21",
        "vue-router": "^4.6.3"
      },
      "devDependencies": {
        "@vitejs/plugin-vue": "^5.0.4",
        "pinia": "^3.0.3",
        "vite": "^5.4.18"
      }
    },
    "../..": {
      "name": "@gcds-core/components-vue",
      "version": "1.0.0",
      "license": "MIT",
      "dependencies": {
        "@gcds-core/components": "^1.0.0",
        "@stencil/vue-output-target": "^0.10.8"
      },
      "devDependencies": {
        "@playwright/test": "^1.56.0",
        "@types/node": "^20.14.2",
        "@vitejs/plugin-vue": "^5.0.4",
        "@vue/compiler-dom": "^3.4.26",
        "@vue/server-renderer": "^3.4.27",
        "vue": "^3.4.26"
      }
    },
    "node_modules/@babel/helper-string-parser": {
      "version": "7.27.1",
      "license": "MIT",
      "engines": {
        "node": ">=6.9.0"
      }
    },
    "node_modules/@babel/helper-validator-identifier": {
      "version": "7.28.5",
      "license": "MIT",
      "engines": {
        "node": ">=6.9.0"
      }
    },
    "node_modules/@babel/parser": {
      "version": "7.29.0",
      "license": "MIT",
      "dependencies": {
        "@babel/types": "^7.29.0"
      },
      "bin": {
        "parser": "bin/babel-parser.js"
      },
      "engines": {
        "node": ">=6.0.0"
      }
    },
    "node_modules/@babel/types": {
      "version": "7.29.0",
      "license": "MIT",
      "dependencies": {
        "@babel/helper-string-parser": "^7.27.1",
        "@babel/helper-validator-identifier": "^7.28.5"
      },
      "engines": {
        "node": ">=6.9.0"
      }
    },
    "node_modules/@esbuild/linux-x64": {
      "version": "0.21.5",
      "cpu": [
        "x64"
      ],
      "dev": true,
      "license": "MIT",
      "optional": true,
      "os": [
        "linux"
      ],
      "engines": {
        "node": ">=12"
      }
    },
    "node_modules/@gcds-core/components-vue": {
      "resolved": "../..",
      "link": true
    },
    "node_modules/@gcds-core/css-shortcuts": {
      "version": "1.1.0",
      "license": "MIT"
    },
    "node_modules/@jridgewell/sourcemap-codec": {
      "version": "1.5.5",
      "license": "MIT"
    },
    "node_modules/@rollup/rollup-linux-x64-gnu": {
      "version": "4.31.0",
      "cpu": [
        "x64"
      ],
      "dev": true,
      "license": "MIT",
      "optional": true,
      "os": [
        "linux"
      ]
    },
    "node_modules/@rollup/rollup-linux-x64-musl": {
      "version": "4.31.0",
      "cpu": [
        "x64"
      ],
      "dev": true,
      "license": "MIT",
      "optional": true,
      "os": [
        "linux"
      ]
    },
    "node_modules/@types/estree": {
      "version": "1.0.6",
      "dev": true,
      "license": "MIT"
    },
    "node_modules/@vitejs/plugin-vue": {
      "version": "5.2.4",
      "dev": true,
      "license": "MIT",
      "engines": {
        "node": "^18.0.0 || >=20.0.0"
      },
      "peerDependencies": {
        "vite": "^5.0.0 || ^6.0.0",
        "vue": "^3.2.25"
      }
    },
    "node_modules/@vue/compiler-core": {
      "version": "3.5.28",
      "license": "MIT",
      "dependencies": {
        "@babel/parser": "^7.29.0",
        "@vue/shared": "3.5.28",
        "entities": "^7.0.1",
        "estree-walker": "^2.0.2",
        "source-map-js": "^1.2.1"
      }
    },
    "node_modules/@vue/compiler-dom": {
      "version": "3.5.28",
      "license": "MIT",
      "dependencies": {
        "@vue/compiler-core": "3.5.28",
        "@vue/shared": "3.5.28"
      }
    },
    "node_modules/@vue/compiler-sfc": {
      "version": "3.5.28",
      "license": "MIT",
      "dependencies": {
        "@babel/parser": "^7.29.0",
        "@vue/compiler-core": "3.5.28",
        "@vue/compiler-dom": "3.5.28",
        "@vue/compiler-ssr": "3.5.28",
        "@vue/shared": "3.5.28",
        "estree-walker": "^2.0.2",
        "magic-string": "^0.30.21",
        "postcss": "^8.5.6",
        "source-map-js": "^1.2.1"
      }
    },
    "node_modules/@vue/compiler-ssr": {
      "version": "3.5.28",
      "license": "MIT",
      "dependencies": {
        "@vue/compiler-dom": "3.5.28",
        "@vue/shared": "3.5.28"
      }
    },
    "node_modules/@vue/devtools-api": {
      "version": "6.6.4",
      "license": "MIT"
    },
    "node_modules/@vue/devtools-kit": {
      "version": "7.7.9",
      "dev": true,
      "license": "MIT",
      "dependencies": {
        "@vue/devtools-shared": "^7.7.9",
        "birpc": "^2.3.0",
        "hookable": "^5.5.3",
        "mitt": "^3.0.1",
        "perfect-debounce": "^1.0.0",
        "speakingurl": "^14.0.1",
        "superjson": "^2.2.2"
      }
    },
    "node_modules/@vue/devtools-shared": {
      "version": "7.7.9",
      "dev": true,
      "license": "MIT",
      "dependencies": {
        "rfdc": "^1.4.1"
      }
    },
    "node_modules/@vue/reactivity": {
      "version": "3.5.28",
      "license": "MIT",
      "dependencies": {
        "@vue/shared": "3.5.28"
      }
    },
    "node_modules/@vue/runtime-core": {
      "version": "3.5.28",
      "license": "MIT",
      "dependencies": {
        "@vue/reactivity": "3.5.28",
        "@vue/shared": "3.5.28"
      }
    },
    "node_modules/@vue/runtime-dom": {
      "version": "3.5.28",
      "license": "MIT",
      "dependencies": {
        "@vue/reactivity": "3.5.28",
        "@vue/runtime-core": "3.5.28",
        "@vue/shared": "3.5.28",
        "csstype": "^3.2.3"
      }
    },
    "node_modules/@vue/server-renderer": {
      "version": "3.5.28",
      "license": "MIT",
      "dependencies": {
        "@vue/compiler-ssr": "3.5.28",
        "@vue/shared": "3.5.28"
      },
      "peerDependencies": {
        "vue": "3.5.28"
      }
    },
    "node_modules/@vue/shared": {
      "version": "3.5.28",
      "license": "MIT"
    },
    "node_modules/birpc": {
      "version": "2.6.1",
      "dev": true,
      "license": "MIT",
      "funding": {
        "url": "https://github.com/sponsors/antfu"
      }
    },
    "node_modules/copy-anything": {
      "version": "3.0.5",
      "dev": true,
      "license": "MIT",
      "dependencies": {
        "is-what": "^4.1.8"
      },
      "engines": {
        "node": ">=12.13"
      },
      "funding": {
        "url": "https://github.com/sponsors/mesqueeb"
      }
    },
    "node_modules/csstype": {
      "version": "3.2.3",
      "license": "MIT"
    },
    "node_modules/entities": {
      "version": "7.0.1",
      "license": "BSD-2-Clause",
      "engines": {
        "node": ">=0.12"
      },
      "funding": {
        "url": "https://github.com/fb55/entities?sponsor=1"
      }
    },
    "node_modules/esbuild": {
      "version": "0.21.5",
      "dev": true,
      "hasInstallScript": true,
      "license": "MIT",
      "bin": {
        "esbuild": "bin/esbuild"
      },
      "engines": {
        "node": ">=12"
      },
      "optionalDependencies": {
        "@esbuild/aix-ppc64": "0.21.5",
        "@esbuild/android-arm": "0.21.5",
        "@esbuild/android-arm64": "0.21.5",
        "@esbuild/android-x64": "0.21.5",
        "@esbuild/darwin-arm64": "0.21.5",
        "@esbuild/darwin-x64": "0.21.5",
        "@esbuild/freebsd-arm64": "0.21.5",
        "@esbuild/freebsd-x64": "0.21.5",
        "@esbuild/linux-arm": "0.21.5",
        "@esbuild/linux-arm64": "0.21.5",
        "@esbuild/linux-ia32": "0.21.5",
        "@esbuild/linux-loong64": "0.21.5",
        "@esbuild/linux-mips64el": "0.21.5",
        "@esbuild/linux-ppc64": "0.21.5",
        "@esbuild/linux-riscv64": "0.21.5",
        "@esbuild/linux-s390x": "0.21.5",
        "@esbuild/linux-x64": "0.21.5",
        "@esbuild/netbsd-x64": "0.21.5",
        "@esbuild/openbsd-x64": "0.21.5",
        "@esbuild/sunos-x64": "0.21.5",
        "@esbuild/win32-arm64": "0.21.5",
        "@esbuild/win32-ia32": "0.21.5",
        "@esbuild/win32-x64": "0.21.5"
      }
    },
    "node_modules/estree-walker": {
      "version": "2.0.2",
      "license": "MIT"
    },
    "node_modules/hookable": {
      "version": "5.5.3",
      "dev": true,
      "license": "MIT"
    },
    "node_modules/is-what": {
      "version": "4.1.16",
      "dev": true,
      "license": "MIT",
      "engines": {
        "node": ">=12.13"
      },
      "funding": {
        "url": "https://github.com/sponsors/mesqueeb"
      }
    },
    "node_modules/magic-string": {
      "version": "0.30.21",
      "license": "MIT",
      "dependencies": {
        "@jridgewell/sourcemap-codec": "^1.5.5"
      }
    },
    "node_modules/mitt": {
      "version": "3.0.1",
      "dev": true,
      "license": "MIT"
    },
    "node_modules/nanoid": {
      "version": "3.3.11",
      "funding": [
        {
          "type": "github",
          "url": "https://github.com/sponsors/ai"
        }
      ],
      "license": "MIT",
      "bin": {
        "nanoid": "bin/nanoid.cjs"
      },
      "engines": {
        "node": "^10 || ^12 || ^13.7 || ^14 || >=15.0.1"
      }
    },
    "node_modules/perfect-debounce": {
      "version": "1.0.0",
      "dev": true,
      "license": "MIT"
    },
    "node_modules/picocolors": {
      "version": "1.1.1",
      "license": "ISC"
    },
    "node_modules/pinia": {
      "version": "3.0.4",
      "dev": true,
      "license": "MIT",
      "dependencies": {
        "@vue/devtools-api": "^7.7.7"
      },
      "funding": {
        "url": "https://github.com/sponsors/posva"
      },
      "peerDependencies": {
        "typescript": ">=4.5.0",
        "vue": "^3.5.11"
      },
      "peerDependenciesMeta": {
        "typescript": {
          "optional": true
        }
      }
    },
    "node_modules/pinia/node_modules/@vue/devtools-api": {
      "version": "7.7.9",
      "dev": true,
      "license": "MIT",
      "dependencies": {
        "@vue/devtools-kit": "^7.7.9"
      }
    },
    "node_modules/postcss": {
      "version": "8.5.6",
      "funding": [
        {
          "type": "opencollective",
          "url": "https://opencollective.com/postcss/"
        },
        {
          "type": "tidelift",
          "url": "https://tidelift.com/funding/github/npm/postcss"
        },
        {
          "type": "github",
          "url": "https://github.com/sponsors/ai"
        }
      ],
      "license": "MIT",
      "dependencies": {
        "nanoid": "^3.3.11",
        "picocolors": "^1.1.1",
        "source-map-js": "^1.2.1"
      },
      "engines": {
        "node": "^10 || ^12 || >=14"
      }
    },
    "node_modules/rfdc": {
      "version": "1.4.1",
      "dev": true,
      "license": "MIT"
    },
    "node_modules/rollup": {
      "version": "4.31.0",
      "dev": true,
      "license": "MIT",
      "dependencies": {
        "@types/estree": "1.0.6"
      },
      "bin": {
        "rollup": "dist/bin/rollup"
      },
      "engines": {
        "node": ">=18.0.0",
        "npm": ">=8.0.0"
      },
      "optionalDependencies": {
        "@rollup/rollup-android-arm-eabi": "4.31.0",
        "@rollup/rollup-android-arm64": "4.31.0",
        "@rollup/rollup-darwin-arm64": "4.31.0",
        "@rollup/rollup-darwin-x64": "4.31.0",
        "@rollup/rollup-freebsd-arm64": "4.31.0",
        "@rollup/rollup-freebsd-x64": "4.31.0",
        "@rollup/rollup-linux-arm-gnueabihf": "4.31.0",
        "@rollup/rollup-linux-arm-musleabihf": "4.31.0",
        "@rollup/rollup-linux-arm64-gnu": "4.31.0",
        "@rollup/rollup-linux-arm64-musl": "4.31.0",
        "@rollup/rollup-linux-loongarch64-gnu": "4.31.0",
        "@rollup/rollup-linux-powerpc64le-gnu": "4.31.0",
        "@rollup/rollup-linux-riscv64-gnu": "4.31.0",
        "@rollup/rollup-linux-s390x-gnu": "4.31.0",
        "@rollup/rollup-linux-x64-gnu": "4.31.0",
        "@rollup/rollup-linux-x64-musl": "4.31.0",
        "@rollup/rollup-win32-arm64-msvc": "4.31.0",
        "@rollup/rollup-win32-ia32-msvc": "4.31.0",
        "@rollup/rollup-win32-x64-msvc": "4.31.0",
        "fsevents": "~2.3.2"
      }
    },
    "node_modules/source-map-js": {
      "version": "1.2.1",
      "license": "BSD-3-Clause",
      "engines": {
        "node": ">=0.10.0"
      }
    },
    "node_modules/speakingurl": {
      "version": "14.0.1",
      "dev": true,
      "license": "BSD-3-Clause",
      "engines": {
        "node": ">=0.10.0"
      }
    },
    "node_modules/superjson": {
      "version": "2.2.2",
      "dev": true,
      "license": "MIT",
      "dependencies": {
        "copy-anything": "^3.0.2"
      },
      "engines": {
        "node": ">=16"
      }
    },
    "node_modules/vite": {
      "version": "5.4.21",
      "dev": true,
      "license": "MIT",
      "dependencies": {
        "esbuild": "^0.21.3",
        "postcss": "^8.4.43",
        "rollup": "^4.20.0"
      },
      "bin": {
        "vite": "bin/vite.js"
      },
      "engines": {
        "node": "^18.0.0 || >=20.0.0"
      },
      "funding": {
        "url": "https://github.com/vitejs/vite?sponsor=1"
      },
      "optionalDependencies": {
        "fsevents": "~2.3.3"
      },
      "peerDependencies": {
        "@types/node": "^18.0.0 || >=20.0.0",
        "less": "*",
        "lightningcss": "^1.21.0",
        "sass": "*",
        "sass-embedded": "*",
        "stylus": "*",
        "sugarss": "*",
        "terser": "^5.4.0"
      },
      "peerDependenciesMeta": {
        "@types/node": {
          "optional": true
        },
        "less": {
          "optional": true
        },
        "lightningcss": {
          "optional": true
        },
        "sass": {
          "optional": true
        },
        "sass-embedded": {
          "optional": true
        },
        "stylus": {
          "optional": true
        },
        "sugarss": {
          "optional": true
        },
        "terser": {
          "optional": true
        }
      }
    },
    "node_modules/vue": {
      "version": "3.5.28",
      "license": "MIT",
      "dependencies": {
        "@vue/compiler-dom": "3.5.28",
        "@vue/compiler-sfc": "3.5.28",
        "@vue/runtime-dom": "3.5.28",
        "@vue/server-renderer": "3.5.28",
        "@vue/shared": "3.5.28"
      },
      "peerDependencies": {
        "typescript": "*"
      },
      "peerDependenciesMeta": {
        "typescript": {
          "optional": true
        }
      }
    },
    "node_modules/vue-router": {
      "version": "4.6.4",
      "license": "MIT",
      "dependencies": {
        "@vue/devtools-api": "^6.6.4"
      },
      "funding": {
        "url": "https://github.com/sponsors/posva"
      },
      "peerDependencies": {
        "vue": "^3.5.0"
      }
    }
  },
  "dependencies": {
    "@babel/helper-string-parser": {
      "version": "7.27.1"
    },
    "@babel/helper-validator-identifier": {
      "version": "7.28.5"
    },
    "@babel/parser": {
      "version": "7.29.0",
      "requires": {
        "@babel/types": "^7.29.0"
      }
    },
    "@babel/types": {
      "version": "7.29.0",
      "requires": {
        "@babel/helper-string-parser": "^7.27.1",
        "@babel/helper-validator-identifier": "^7.28.5"
      }
    },
    "@esbuild/linux-x64": {
      "version": "0.21.5",
      "dev": true,
      "optional": true
    },
    "@gcds-core/components-vue": {
      "version": "file:../..",
      "requires": {
        "@gcds-core/components": "^1.0.0",
        "@playwright/test": "^1.56.0",
        "@stencil/vue-output-target": "^0.10.8",
        "@types/node": "^20.14.2",
        "@vitejs/plugin-vue": "^5.0.4",
        "@vue/compiler-dom": "^3.4.26",
        "@vue/server-renderer": "^3.4.27",
        "vue": "^3.4.26"
      }
    },
    "@gcds-core/css-shortcuts": {
      "version": "1.1.0"
    },
    "@jridgewell/sourcemap-codec": {
      "version": "1.5.5"
    },
    "@rollup/rollup-linux-x64-gnu": {
      "version": "4.31.0",
      "dev": true,
      "optional": true
    },
    "@rollup/rollup-linux-x64-musl": {
      "version": "4.31.0",
      "dev": true,
      "optional": true
    },
    "@types/estree": {
      "version": "1.0.6",
      "dev": true
    },
    "@vitejs/plugin-vue": {
      "version": "5.2.4",
      "dev": true,
      "requires": {}
    },
    "@vue/compiler-core": {
      "version": "3.5.28",
      "requires": {
        "@babel/parser": "^7.29.0",
        "@vue/shared": "3.5.28",
        "entities": "^7.0.1",
        "estree-walker": "^2.0.2",
        "source-map-js": "^1.2.1"
      }
    },
    "@vue/compiler-dom": {
      "version": "3.5.28",
      "requires": {
        "@vue/compiler-core": "3.5.28",
        "@vue/shared": "3.5.28"
      }
    },
    "@vue/compiler-sfc": {
      "version": "3.5.28",
      "requires": {
        "@babel/parser": "^7.29.0",
        "@vue/compiler-core": "3.5.28",
        "@vue/compiler-dom": "3.5.28",
        "@vue/compiler-ssr": "3.5.28",
        "@vue/shared": "3.5.28",
        "estree-walker": "^2.0.2",
        "magic-string": "^0.30.21",
        "postcss": "^8.5.6",
        "source-map-js": "^1.2.1"
      }
    },
    "@vue/compiler-ssr": {
      "version": "3.5.28",
      "requires": {
        "@vue/compiler-dom": "3.5.28",
        "@vue/shared": "3.5.28"
      }
    },
    "@vue/devtools-api": {
      "version": "6.6.4"
    },
    "@vue/devtools-kit": {
      "version": "7.7.9",
      "dev": true,
      "requires": {
        "@vue/devtools-shared": "^7.7.9",
        "birpc": "^2.3.0",
        "hookable": "^5.5.3",
        "mitt": "^3.0.1",
        "perfect-debounce": "^1.0.0",
        "speakingurl": "^14.0.1",
        "superjson": "^2.2.2"
      }
    },
    "@vue/devtools-shared": {
      "version": "7.7.9",
      "dev": true,
      "requires": {
        "rfdc": "^1.4.1"
      }
    },
    "@vue/reactivity": {
      "version": "3.5.28",
      "requires": {
        "@vue/shared": "3.5.28"
      }
    },
    "@vue/runtime-core": {
      "version": "3.5.28",
      "requires": {
        "@vue/reactivity": "3.5.28",
        "@vue/shared": "3.5.28"
      }
    },
    "@vue/runtime-dom": {
      "version": "3.5.28",
      "requires": {
        "@vue/reactivity": "3.5.28",
        "@vue/runtime-core": "3.5.28",
        "@vue/shared": "3.5.28",
        "csstype": "^3.2.3"
      }
    },
    "@vue/server-renderer": {
      "version": "3.5.28",
      "requires": {
        "@vue/compiler-ssr": "3.5.28",
        "@vue/shared": "3.5.28"
      }
    },
    "@vue/shared": {
      "version": "3.5.28"
    },
    "birpc": {
      "version": "2.6.1",
      "dev": true
    },
    "copy-anything": {
      "version": "3.0.5",
      "dev": true,
      "requires": {
        "is-what": "^4.1.8"
      }
    },
    "csstype": {
      "version": "3.2.3"
    },
    "entities": {
      "version": "7.0.1"
    },
    "esbuild": {
      "version": "0.21.5",
      "dev": true,
      "requires": {
        "@esbuild/aix-ppc64": "0.21.5",
        "@esbuild/android-arm": "0.21.5",
        "@esbuild/android-arm64": "0.21.5",
        "@esbuild/android-x64": "0.21.5",
        "@esbuild/darwin-arm64": "0.21.5",
        "@esbuild/darwin-x64": "0.21.5",
        "@esbuild/freebsd-arm64": "0.21.5",
        "@esbuild/freebsd-x64": "0.21.5",
        "@esbuild/linux-arm": "0.21.5",
        "@esbuild/linux-arm64": "0.21.5",
        "@esbuild/linux-ia32": "0.21.5",
        "@esbuild/linux-loong64": "0.21.5",
        "@esbuild/linux-mips64el": "0.21.5",
        "@esbuild/linux-ppc64": "0.21.5",
        "@esbuild/linux-riscv64": "0.21.5",
        "@esbuild/linux-s390x": "0.21.5",
        "@esbuild/linux-x64": "0.21.5",
        "@esbuild/netbsd-x64": "0.21.5",
        "@esbuild/openbsd-x64": "0.21.5",
        "@esbuild/sunos-x64": "0.21.5",
        "@esbuild/win32-arm64": "0.21.5",
        "@esbuild/win32-ia32": "0.21.5",
        "@esbuild/win32-x64": "0.21.5"
      }
    },
    "estree-walker": {
      "version": "2.0.2"
    },
    "hookable": {
      "version": "5.5.3",
      "dev": true
    },
    "is-what": {
      "version": "4.1.16",
      "dev": true
    },
    "magic-string": {
      "version": "0.30.21",
      "requires": {
        "@jridgewell/sourcemap-codec": "^1.5.5"
      }
    },
    "mitt": {
      "version": "3.0.1",
      "dev": true
    },
    "nanoid": {
      "version": "3.3.11"
    },
    "perfect-debounce": {
      "version": "1.0.0",
      "dev": true
    },
    "picocolors": {
      "version": "1.1.1"
    },
    "pinia": {
      "version": "3.0.4",
      "dev": true,
      "requires": {
        "@vue/devtools-api": "^7.7.7"
      },
      "dependencies": {
        "@vue/devtools-api": {
          "version": "7.7.9",
          "dev": true,
          "requires": {
            "@vue/devtools-kit": "^7.7.9"
          }
        }
      }
    },
    "postcss": {
      "version": "8.5.6",
      "requires": {
        "nanoid": "^3.3.11",
        "picocolors": "^1.1.1",
        "source-map-js": "^1.2.1"
      }
    },
    "rfdc": {
      "version": "1.4.1",
      "dev": true
    },
    "rollup": {
      "version": "4.31.0",
      "dev": true,
      "requires": {
        "@rollup/rollup-android-arm-eabi": "4.31.0",
        "@rollup/rollup-android-arm64": "4.31.0",
        "@rollup/rollup-darwin-arm64": "4.31.0",
        "@rollup/rollup-darwin-x64": "4.31.0",
        "@rollup/rollup-freebsd-arm64": "4.31.0",
        "@rollup/rollup-freebsd-x64": "4.31.0",
        "@rollup/rollup-linux-arm-gnueabihf": "4.31.0",
        "@rollup/rollup-linux-arm-musleabihf": "4.31.0",
        "@rollup/rollup-linux-arm64-gnu": "4.31.0",
        "@rollup/rollup-linux-arm64-musl": "4.31.0",
        "@rollup/rollup-linux-loongarch64-gnu": "4.31.0",
        "@rollup/rollup-linux-powerpc64le-gnu": "4.31.0",
        "@rollup/rollup-linux-riscv64-gnu": "4.31.0",
        "@rollup/rollup-linux-s390x-gnu": "4.31.0",
        "@rollup/rollup-linux-x64-gnu": "4.31.0",
        "@rollup/rollup-linux-x64-musl": "4.31.0",
        "@rollup/rollup-win32-arm64-msvc": "4.31.0",
        "@rollup/rollup-win32-ia32-msvc": "4.31.0",
        "@rollup/rollup-win32-x64-msvc": "4.31.0",
        "@types/estree": "1.0.6",
        "fsevents": "~2.3.2"
      }
    },
    "source-map-js": {
      "version": "1.2.1"
    },
    "speakingurl": {
      "version": "14.0.1",
      "dev": true
    },
    "superjson": {
      "version": "2.2.2",
      "dev": true,
      "requires": {
        "copy-anything": "^3.0.2"
      }
    },
    "vite": {
      "version": "5.4.21",
      "dev": true,
      "requires": {
        "esbuild": "^0.21.3",
        "fsevents": "~2.3.3",
        "postcss": "^8.4.43",
        "rollup": "^4.20.0"
      }
    },
    "vue": {
      "version": "3.5.28",
      "requires": {
        "@vue/compiler-dom": "3.5.28",
        "@vue/compiler-sfc": "3.5.28",
        "@vue/runtime-dom": "3.5.28",
        "@vue/server-renderer": "3.5.28",
        "@vue/shared": "3.5.28"
      }
    },
    "vue-router": {
      "version": "4.6.4",
      "requires": {
        "@vue/devtools-api": "^6.6.4"
      }
    }
  }
}
